
Microsoft Visual Studio Solution File, Format Version 12.00
# Visual Studio Version 17
VisualStudioVersion = 17.2.32526.322
MinimumVisualStudioVersion = 10.0.40219.1
Project("{9A19103F-16F7-4668-BE54-9A1E7A4F7556}") = "RentACar.BLL", "RentACar.BLL\RentACar.BLL.csproj", "{1B852983-D183-422A-9C6B-BDE92A4B8372}"
EndProject
Project("{FAE04EC0-301F-11D3-BF4B-00C04F79EFBC}") = "RentACar.API", "RentACar.API\RentACar.API.csproj", "{93C5998E-98A7-429C-B35F-EF280896363D}"
EndProject
Global
	GlobalSection(SolutionConfigurationPlatforms) = preSolution
		Debug|Any CPU = Debug|Any CPU
		Release|Any CPU = Release|Any CPU
	EndGlobalSection
	GlobalSection(ProjectConfigurationPlatforms) = postSolution
		{1B852983-D183-422A-9C6B-BDE92A4B8372}.Debug|Any CPU.ActiveCfg = Debug|Any CPU
		{1B852983-D183-422A-9C6B-BDE92A4B8372}.Debug|Any CPU.Build.0 = Debug|Any CPU
		{1B852983-D183-422A-9C6B-BDE92A4B8372}.Release|Any CPU.ActiveCfg = Release|Any CPU
		{1B852983-D183-422A-9C6B-BDE92A4B8372}.Release|Any CPU.Build.0 = Release|Any CPU
		{93C5998E-98A7-429C-B35F-EF280896363D}.Debug|Any CPU.ActiveCfg = Debug|Any CPU
		{93C5998E-98A7-429C-B35F-EF280896363D}.Debug|Any CPU.Build.0 = Debug|Any CPU
		{93C5998E-98A7-429C-B35F-EF280896363D}.Release|Any CPU.ActiveCfg = Release|Any CPU
		{93C5998E-98A7-429C-B35F-EF280896363D}.Release|Any CPU.Build.0 = Release|Any CPU
	EndGlobalSection
	GlobalSection(SolutionProperties) = preSolution
		HideSolutionNode = FALSE
	EndGlobalSection
	GlobalSection(ExtensibilityGlobals) = postSolution
		SolutionGuid = {5FFC718A-D42A-4772-B33D-69A757157AC6}
	EndGlobalSection
EndGlobal
